{
  "pins" : [
    {
      "identity" : "knightos-klib",
      "kind" : "remoteSourceControl",
      "location" : "https://github.com/lancelotbronner/knightos-klib.git",
      "state" : {
        "branch" : "main",
        "revision" : "71d4f60ac3838d24ae3ade53af7f9bf194822e1a"
      }
    },
    {
      "identity" : "swift-argument-parser",
      "kind" : "remoteSourceControl",
      "location" : "https://github.com/apple/swift-argument-parser.git",
      "state" : {
        "revision" : "0fbc8848e389af3bb55c182bc19ca9d5dc2f255b",
        "version" : "1.4.0"
      }
    }
  ],
  "version" : 2
}
